{
  "AssetsDirectory": "Assets",
  "CompanyName": "",
  "Gravity": 9.8100004196167,
  "IconPath": "",
  "N3DSAntiAliasing": 2,
  "Name": "SampleProject",
  "PPU": 100.0,
  "ProductName": "",
  "ScenesInBuild": [
    "Scenes/Platformer.scene"
  ],
  "ScriptsDirectory": "Scripts",
  "StartScene": "",
  "Version": "0.1.0",
  "WorldUnitsVersion": 2
}