{
  "AssetsDirectory": "Assets",
  "CompanyName": "",
  "EnabledPackages": [],
  "Gravity": 9.8100004196167,
  "IconPath": "",
  "N3DSAntiAliasing": 2,
  "Name": "SampleProject",
  "PPU": 100.0,
  "PackagesDirectory": "Packages",
  "ProductName": "",
  "ScenesInBuild": [
    "Scene.scene"
  ],
  "ScriptingDefines": [],
  "ScriptsDirectory": "Scripts",
  "ShadowTechnique": 2,
  "StartScene": "Scene.scene",
  "Version": "0.1.0",
  "WorldUnitsVersion": 2
}